
Microsoft Visual Studio Solution File, Format Version 12.00
# Visual Studio Version 17
VisualStudioVersion = 17.2.32526.322
MinimumVisualStudioVersion = 10.0.40219.1
Project("{FAE04EC0-301F-11D3-BF4B-00C04F79EFBC}") = "Phonebook", "Phonebook\Phonebook.csproj", "{D4C2237E-4289-4B16-90E8-04799DBF6313}"
EndProject
Project("{FAE04EC0-301F-11D3-BF4B-00C04F79EFBC}") = "PhonebookTests", "PhonebookTests\PhonebookTests.csproj", "{18F2DA93-8E6A-4DCD-9038-52C9AB0A13A1}"
EndProject
Global
	GlobalSection(SolutionConfigurationPlatforms) = preSolution
		Debug|Any CPU = Debug|Any CPU
		Release|Any CPU = Release|Any CPU
	EndGlobalSection
	GlobalSection(ProjectConfigurationPlatforms) = postSolution
		{D4C2237E-4289-4B16-90E8-04799DBF6313}.Debug|Any CPU.ActiveCfg = Debug|Any CPU
		{D4C2237E-4289-4B16-90E8-04799DBF6313}.Debug|Any CPU.Build.0 = Debug|Any CPU
		{D4C2237E-4289-4B16-90E8-04799DBF6313}.Release|Any CPU.ActiveCfg = Release|Any CPU
		{D4C2237E-4289-4B16-90E8-04799DBF6313}.Release|Any CPU.Build.0 = Release|Any CPU
		{18F2DA93-8E6A-4DCD-9038-52C9AB0A13A1}.Debug|Any CPU.ActiveCfg = Debug|Any CPU
		{18F2DA93-8E6A-4DCD-9038-52C9AB0A13A1}.Debug|Any CPU.Build.0 = Debug|Any CPU
		{18F2DA93-8E6A-4DCD-9038-52C9AB0A13A1}.Release|Any CPU.ActiveCfg = Release|Any CPU
		{18F2DA93-8E6A-4DCD-9038-52C9AB0A13A1}.Release|Any CPU.Build.0 = Release|Any CPU
	EndGlobalSection
	GlobalSection(SolutionProperties) = preSolution
		HideSolutionNode = FALSE
	EndGlobalSection
	GlobalSection(ExtensibilityGlobals) = postSolution
		SolutionGuid = {859FEA7B-7F95-4337-A47E-F39F4F0F8A6C}
	EndGlobalSection
EndGlobal
